
Microsoft Visual Studio Solution File, Format Version 12.00
# Visual Studio Version 17
VisualStudioVersion = 17.0.31903.59
MinimumVisualStudioVersion = 10.0.40219.1
Project("{2150E333-8FDC-42A3-9474-1A3956D46DE8}") = "src", "src", "{827E0CD3-B72D-47B6-A68D-7590B98EB39B}"
EndProject
Project("{FAE04EC0-301F-11D3-BF4B-00C04F79EFBC}") = "M3A.Api", "src\M3A.Api\M3A.Api.csproj", "{F5AD89A2-C5CE-4954-B5B2-23202C6C76AE}"
EndProject
Project("{FAE04EC0-301F-11D3-BF4B-00C04F79EFBC}") = "M3A.Delegates", "src\M3A.Delegates\M3A.Delegates.csproj", "{C6329AF6-74C5-4C58-83A9-077420149232}"
EndProject
Project("{FAE04EC0-301F-11D3-BF4B-00C04F79EFBC}") = "M3A.Domain", "src\M3A.Domain\M3A.Domain.csproj", "{C417CE9C-6C9C-4DD0-8BB8-568085165686}"
EndProject
Project("{FAE04EC0-301F-11D3-BF4B-00C04F79EFBC}") = "M3A.Repositories", "src\M3A.Repositories\M3A.Repositories.csproj", "{39F254DB-3B3C-43DC-9E30-1DF7882D313C}"
EndProject
Project("{2150E333-8FDC-42A3-9474-1A3956D46DE8}") = "tests", "tests", "{0AB3BF05-4346-4AA6-1389-037BE0695223}"
EndProject
Project("{FAE04EC0-301F-11D3-BF4B-00C04F79EFBC}") = "M3A.Api.Tests", "tests\M3A.Api.Tests\M3A.Api.Tests.csproj", "{E2906946-13ED-4052-9F19-9BE5A607C8C7}"
EndProject
Project("{FAE04EC0-301F-11D3-BF4B-00C04F79EFBC}") = "M3A.Delegates.Tests", "tests\M3A.Delegates.Tests\M3A.Delegates.Tests.csproj", "{C9B38CE9-D5B3-404E-9D08-8E3FFDE4E064}"
EndProject
Project("{FAE04EC0-301F-11D3-BF4B-00C04F79EFBC}") = "M3A.Domain.Tests", "tests\M3A.Domain.Tests\M3A.Domain.Tests.csproj", "{E27011BB-C790-493A-92CD-083821AB1479}"
EndProject
Project("{FAE04EC0-301F-11D3-BF4B-00C04F79EFBC}") = "M3A.Repositories.Tests", "tests\M3A.Repositories.Tests\M3A.Repositories.Tests.csproj", "{5C79C9C9-C2BA-408C-99E2-ED138FD742B0}"
EndProject
Global
	GlobalSection(SolutionConfigurationPlatforms) = preSolution
		Debug|Any CPU = Debug|Any CPU
		Debug|x64 = Debug|x64
		Debug|x86 = Debug|x86
		Release|Any CPU = Release|Any CPU
		Release|x64 = Release|x64
		Release|x86 = Release|x86
	EndGlobalSection
	GlobalSection(ProjectConfigurationPlatforms) = postSolution
		{F5AD89A2-C5CE-4954-B5B2-23202C6C76AE}.Debug|Any CPU.ActiveCfg = Debug|Any CPU
		{F5AD89A2-C5CE-4954-B5B2-23202C6C76AE}.Debug|Any CPU.Build.0 = Debug|Any CPU
		{F5AD89A2-C5CE-4954-B5B2-23202C6C76AE}.Debug|x64.ActiveCfg = Debug|Any CPU
		{F5AD89A2-C5CE-4954-B5B2-23202C6C76AE}.Debug|x64.Build.0 = Debug|Any CPU
		{F5AD89A2-C5CE-4954-B5B2-23202C6C76AE}.Debug|x86.ActiveCfg = Debug|Any CPU
		{F5AD89A2-C5CE-4954-B5B2-23202C6C76AE}.Debug|x86.Build.0 = Debug|Any CPU
		{F5AD89A2-C5CE-4954-B5B2-23202C6C76AE}.Release|Any CPU.ActiveCfg = Release|Any CPU
		{F5AD89A2-C5CE-4954-B5B2-23202C6C76AE}.Release|Any CPU.Build.0 = Release|Any CPU
		{F5AD89A2-C5CE-4954-B5B2-23202C6C76AE}.Release|x64.ActiveCfg = Release|Any CPU
		{F5AD89A2-C5CE-4954-B5B2-23202C6C76AE}.Release|x64.Build.0 = Release|Any CPU
		{F5AD89A2-C5CE-4954-B5B2-23202C6C76AE}.Release|x86.ActiveCfg = Release|Any CPU
		{F5AD89A2-C5CE-4954-B5B2-23202C6C76AE}.Release|x86.Build.0 = Release|Any CPU
		{C6329AF6-74C5-4C58-83A9-077420149232}.Debug|Any CPU.ActiveCfg = Debug|Any CPU
		{C6329AF6-74C5-4C58-83A9-077420149232}.Debug|Any CPU.Build.0 = Debug|Any CPU
		{C6329AF6-74C5-4C58-83A9-077420149232}.Debug|x64.ActiveCfg = Debug|Any CPU
		{C6329AF6-74C5-4C58-83A9-077420149232}.Debug|x64.Build.0 = Debug|Any CPU
		{C6329AF6-74C5-4C58-83A9-077420149232}.Debug|x86.ActiveCfg = Debug|Any CPU
		{C6329AF6-74C5-4C58-83A9-077420149232}.Debug|x86.Build.0 = Debug|Any CPU
		{C6329AF6-74C5-4C58-83A9-077420149232}.Release|Any CPU.ActiveCfg = Release|Any CPU
		{C6329AF6-74C5-4C58-83A9-077420149232}.Release|Any CPU.Build.0 = Release|Any CPU
		{C6329AF6-74C5-4C58-83A9-077420149232}.Release|x64.ActiveCfg = Release|Any CPU
		{C6329AF6-74C5-4C58-83A9-077420149232}.Release|x64.Build.0 = Release|Any CPU
		{C6329AF6-74C5-4C58-83A9-077420149232}.Release|x86.ActiveCfg = Release|Any CPU
		{C6329AF6-74C5-4C58-83A9-077420149232}.Release|x86.Build.0 = Release|Any CPU
		{C417CE9C-6C9C-4DD0-8BB8-568085165686}.Debug|Any CPU.ActiveCfg = Debug|Any CPU
		{C417CE9C-6C9C-4DD0-8BB8-568085165686}.Debug|Any CPU.Build.0 = Debug|Any CPU
		{C417CE9C-6C9C-4DD0-8BB8-568085165686}.Debug|x64.ActiveCfg = Debug|Any CPU
		{C417CE9C-6C9C-4DD0-8BB8-568085165686}.Debug|x64.Build.0 = Debug|Any CPU
		{C417CE9C-6C9C-4DD0-8BB8-568085165686}.Debug|x86.ActiveCfg = Debug|Any CPU
		{C417CE9C-6C9C-4DD0-8BB8-568085165686}.Debug|x86.Build.0 = Debug|Any CPU
		{C417CE9C-6C9C-4DD0-8BB8-568085165686}.Release|Any CPU.ActiveCfg = Release|Any CPU
		{C417CE9C-6C9C-4DD0-8BB8-568085165686}.Release|Any CPU.Build.0 = Release|Any CPU
		{C417CE9C-6C9C-4DD0-8BB8-568085165686}.Release|x64.ActiveCfg = Release|Any CPU
		{C417CE9C-6C9C-4DD0-8BB8-568085165686}.Release|x64.Build.0 = Release|Any CPU
		{C417CE9C-6C9C-4DD0-8BB8-568085165686}.Release|x86.ActiveCfg = Release|Any CPU
		{C417CE9C-6C9C-4DD0-8BB8-568085165686}.Release|x86.Build.0 = Release|Any CPU
		{39F254DB-3B3C-43DC-9E30-1DF7882D313C}.Debug|Any CPU.ActiveCfg = Debug|Any CPU
		{39F254DB-3B3C-43DC-9E30-1DF7882D313C}.Debug|Any CPU.Build.0 = Debug|Any CPU
		{39F254DB-3B3C-43DC-9E30-1DF7882D313C}.Debug|x64.ActiveCfg = Debug|Any CPU
		{39F254DB-3B3C-43DC-9E30-1DF7882D313C}.Debug|x64.Build.0 = Debug|Any CPU
		{39F254DB-3B3C-43DC-9E30-1DF7882D313C}.Debug|x86.ActiveCfg = Debug|Any CPU
		{39F254DB-3B3C-43DC-9E30-1DF7882D313C}.Debug|x86.Build.0 = Debug|Any CPU
		{39F254DB-3B3C-43DC-9E30-1DF7882D313C}.Release|Any CPU.ActiveCfg = Release|Any CPU
		{39F254DB-3B3C-43DC-9E30-1DF7882D313C}.Release|Any CPU.Build.0 = Release|Any CPU
		{39F254DB-3B3C-43DC-9E30-1DF7882D313C}.Release|x64.ActiveCfg = Release|Any CPU
		{39F254DB-3B3C-43DC-9E30-1DF7882D313C}.Release|x64.Build.0 = Release|Any CPU
		{39F254DB-3B3C-43DC-9E30-1DF7882D313C}.Release|x86.ActiveCfg = Release|Any CPU
		{39F254DB-3B3C-43DC-9E30-1DF7882D313C}.Release|x86.Build.0 = Release|Any CPU
		{E2906946-13ED-4052-9F19-9BE5A607C8C7}.Debug|Any CPU.ActiveCfg = Debug|Any CPU
		{E2906946-13ED-4052-9F19-9BE5A607C8C7}.Debug|Any CPU.Build.0 = Debug|Any CPU
		{E2906946-13ED-4052-9F19-9BE5A607C8C7}.Debug|x64.ActiveCfg = Debug|Any CPU
		{E2906946-13ED-4052-9F19-9BE5A607C8C7}.Debug|x64.Build.0 = Debug|Any CPU
		{E2906946-13ED-4052-9F19-9BE5A607C8C7}.Debug|x86.ActiveCfg = Debug|Any CPU
		{E2906946-13ED-4052-9F19-9BE5A607C8C7}.Debug|x86.Build.0 = Debug|Any CPU
		{E2906946-13ED-4052-9F19-9BE5A607C8C7}.Release|Any CPU.ActiveCfg = Release|Any CPU
		{E2906946-13ED-4052-9F19-9BE5A607C8C7}.Release|Any CPU.Build.0 = Release|Any CPU
		{E2906946-13ED-4052-9F19-9BE5A607C8C7}.Release|x64.ActiveCfg = Release|Any CPU
		{E2906946-13ED-4052-9F19-9BE5A607C8C7}.Release|x64.Build.0 = Release|Any CPU
		{E2906946-13ED-4052-9F19-9BE5A607C8C7}.Release|x86.ActiveCfg = Release|Any CPU
		{E2906946-13ED-4052-9F19-9BE5A607C8C7}.Release|x86.Build.0 = Release|Any CPU
		{C9B38CE9-D5B3-404E-9D08-8E3FFDE4E064}.Debug|Any CPU.ActiveCfg = Debug|Any CPU
		{C9B38CE9-D5B3-404E-9D08-8E3FFDE4E064}.Debug|Any CPU.Build.0 = Debug|Any CPU
		{C9B38CE9-D5B3-404E-9D08-8E3FFDE4E064}.Debug|x64.ActiveCfg = Debug|Any CPU
		{C9B38CE9-D5B3-404E-9D08-8E3FFDE4E064}.Debug|x64.Build.0 = Debug|Any CPU
		{C9B38CE9-D5B3-404E-9D08-8E3FFDE4E064}.Debug|x86.ActiveCfg = Debug|Any CPU
		{C9B38CE9-D5B3-404E-9D08-8E3FFDE4E064}.Debug|x86.Build.0 = Debug|Any CPU
		{C9B38CE9-D5B3-404E-9D08-8E3FFDE4E064}.Release|Any CPU.ActiveCfg = Release|Any CPU
		{C9B38CE9-D5B3-404E-9D08-8E3FFDE4E064}.Release|Any CPU.Build.0 = Release|Any CPU
		{C9B38CE9-D5B3-404E-9D08-8E3FFDE4E064}.Release|x64.ActiveCfg = Release|Any CPU
		{C9B38CE9-D5B3-404E-9D08-8E3FFDE4E064}.Release|x64.Build.0 = Release|Any CPU
		{C9B38CE9-D5B3-404E-9D08-8E3FFDE4E064}.Release|x86.ActiveCfg = Release|Any CPU
		{C9B38CE9-D5B3-404E-9D08-8E3FFDE4E064}.Release|x86.Build.0 = Release|Any CPU
		{E27011BB-C790-493A-92CD-083821AB1479}.Debug|Any CPU.ActiveCfg = Debug|Any CPU
		{E27011BB-C790-493A-92CD-083821AB1479}.Debug|Any CPU.Build.0 = Debug|Any CPU
		{E27011BB-C790-493A-92CD-083821AB1479}.Debug|x64.ActiveCfg = Debug|Any CPU
		{E27011BB-C790-493A-92CD-083821AB1479}.Debug|x64.Build.0 = Debug|Any CPU
		{E27011BB-C790-493A-92CD-083821AB1479}.Debug|x86.ActiveCfg = Debug|Any CPU
		{E27011BB-C790-493A-92CD-083821AB1479}.Debug|x86.Build.0 = Debug|Any CPU
		{E27011BB-C790-493A-92CD-083821AB1479}.Release|Any CPU.ActiveCfg = Release|Any CPU
		{E27011BB-C790-493A-92CD-083821AB1479}.Release|Any CPU.Build.0 = Release|Any CPU
		{E27011BB-C790-493A-92CD-083821AB1479}.Release|x64.ActiveCfg = Release|Any CPU
		{E27011BB-C790-493A-92CD-083821AB1479}.Release|x64.Build.0 = Release|Any CPU
		{E27011BB-C790-493A-92CD-083821AB1479}.Release|x86.ActiveCfg = Release|Any CPU
		{E27011BB-C790-493A-92CD-083821AB1479}.Release|x86.Build.0 = Release|Any CPU
		{5C79C9C9-C2BA-408C-99E2-ED138FD742B0}.Debug|Any CPU.ActiveCfg = Debug|Any CPU
		{5C79C9C9-C2BA-408C-99E2-ED138FD742B0}.Debug|Any CPU.Build.0 = Debug|Any CPU
		{5C79C9C9-C2BA-408C-99E2-ED138FD742B0}.Debug|x64.ActiveCfg = Debug|Any CPU
		{5C79C9C9-C2BA-408C-99E2-ED138FD742B0}.Debug|x64.Build.0 = Debug|Any CPU
		{5C79C9C9-C2BA-408C-99E2-ED138FD742B0}.Debug|x86.ActiveCfg = Debug|Any CPU
		{5C79C9C9-C2BA-408C-99E2-ED138FD742B0}.Debug|x86.Build.0 = Debug|Any CPU
		{5C79C9C9-C2BA-408C-99E2-ED138FD742B0}.Release|Any CPU.ActiveCfg = Release|Any CPU
		{5C79C9C9-C2BA-408C-99E2-ED138FD742B0}.Release|Any CPU.Build.0 = Release|Any CPU
		{5C79C9C9-C2BA-408C-99E2-ED138FD742B0}.Release|x64.ActiveCfg = Release|Any CPU
		{5C79C9C9-C2BA-408C-99E2-ED138FD742B0}.Release|x64.Build.0 = Release|Any CPU
		{5C79C9C9-C2BA-408C-99E2-ED138FD742B0}.Release|x86.ActiveCfg = Release|Any CPU
		{5C79C9C9-C2BA-408C-99E2-ED138FD742B0}.Release|x86.Build.0 = Release|Any CPU
	EndGlobalSection
	GlobalSection(SolutionProperties) = preSolution
		HideSolutionNode = FALSE
	EndGlobalSection
	GlobalSection(NestedProjects) = preSolution
		{F5AD89A2-C5CE-4954-B5B2-23202C6C76AE} = {827E0CD3-B72D-47B6-A68D-7590B98EB39B}
		{C6329AF6-74C5-4C58-83A9-077420149232} = {827E0CD3-B72D-47B6-A68D-7590B98EB39B}
		{C417CE9C-6C9C-4DD0-8BB8-568085165686} = {827E0CD3-B72D-47B6-A68D-7590B98EB39B}
		{39F254DB-3B3C-43DC-9E30-1DF7882D313C} = {827E0CD3-B72D-47B6-A68D-7590B98EB39B}
		{E2906946-13ED-4052-9F19-9BE5A607C8C7} = {0AB3BF05-4346-4AA6-1389-037BE0695223}
		{C9B38CE9-D5B3-404E-9D08-8E3FFDE4E064} = {0AB3BF05-4346-4AA6-1389-037BE0695223}
		{E27011BB-C790-493A-92CD-083821AB1479} = {0AB3BF05-4346-4AA6-1389-037BE0695223}
		{5C79C9C9-C2BA-408C-99E2-ED138FD742B0} = {0AB3BF05-4346-4AA6-1389-037BE0695223}
	EndGlobalSection
EndGlobal
